{
  "nodes": {
    "devshell": {
      "locked": {
        "lastModified": 1639692811,
        "narHash": "sha256-wOOBH0fVsfNqw/5ZWRoKspyesoXBgiwEOUBH4c7JKEo=",
        "owner": "numtide",
        "repo": "devshell",
        "rev": "d3a1f5bec3632b33346865b1c165bf2420bb2f52",
        "type": "github"
      },
      "original": {
        "owner": "numtide",
        "repo": "devshell",
        "type": "github"
      }
    },
    "flakeCompat": {
      "flake": false,
      "locked": {
        "lastModified": 1627913399,
        "narHash": "sha256-hY8g6H2KFL8ownSiFeMOjwPC8P0ueXpCVEbxgda3pko=",
        "owner": "edolstra",
        "repo": "flake-compat",
        "rev": "12c64ca55c1014cdc1b16ed5a804aa8576601ff2",
        "type": "github"
      },
      "original": {
        "owner": "edolstra",
        "repo": "flake-compat",
        "type": "github"
      }
    },
    "nixCargoIntegration": {
      "inputs": {
        "devshell": "devshell",
        "nixpkgs": [
          "nixpkgs"
        ],
        "rustOverlay": "rustOverlay"
      },
      "locked": {
        "lastModified": 1640153464,
        "narHash": "sha256-5RihKvI1uvumWRUdf9yzrNoD0SkKbNSQ1I/O+70nNsc=",
        "owner": "yusdacra",
        "repo": "nix-cargo-integration",
        "rev": "7b5709d97e365f1f5cc2381bd52a2b477c1f0788",
        "type": "github"
      },
      "original": {
        "owner": "yusdacra",
        "repo": "nix-cargo-integration",
        "type": "github"
      }
    },
    "nixpkgs": {
      "locked": {
        "lastModified": 1640139330,
        "narHash": "sha256-Nkp3wUOGwtoQ7EH28RLVJ7EqB/e0TU7VcsM7GLy+SdY=",
        "owner": "NixOS",
        "repo": "nixpkgs",
        "rev": "81cef6b70fb5d5cdba5a0fef3f714c2dadaf0d6d",
        "type": "github"
      },
      "original": {
        "owner": "NixOS",
        "ref": "nixos-unstable",
        "repo": "nixpkgs",
        "type": "github"
      }
    },
    "root": {
      "inputs": {
        "flakeCompat": "flakeCompat",
        "nixCargoIntegration": "nixCargoIntegration",
        "nixpkgs": "nixpkgs"
      }
    },
    "rustOverlay": {
      "flake": false,
      "locked": {
        "lastModified": 1640140850,
        "narHash": "sha256-XRfxdj6riiH+r5hPh6vxJ5rPQcsIiJ1g3XK/dMlrp3M=",
        "owner": "oxalica",
        "repo": "rust-overlay",
        "rev": "1efeb891b85c70ded412eb78a04bccb9badb14c6",
        "type": "github"
      },
      "original": {
        "owner": "oxalica",
        "repo": "rust-overlay",
        "type": "github"
      }
    }
  },
  "root": "root",
  "version": 7
}
