{
  "nodes": {
    "flake-utils": {
      "locked": {
        "lastModified": 1609246779,
        "narHash": "sha256-eq6ZXE/VWo3EMC65jmIT6H/rrUc9UWOWVujkzav025k=",
        "owner": "numtide",
        "repo": "flake-utils",
        "rev": "08c7ad4a0844adc4a7f9f5bb3beae482e789afa4",
        "type": "github"
      },
      "original": {
        "owner": "numtide",
        "repo": "flake-utils",
        "type": "github"
      }
    },
    "flakeUtils": {
      "locked": {
        "lastModified": 1610051610,
        "narHash": "sha256-U9rPz/usA1/Aohhk7Cmc2gBrEEKRzcW4nwPWMPwja4Y=",
        "owner": "numtide",
        "repo": "flake-utils",
        "rev": "3982c9903e93927c2164caa727cd3f6a0e6d14cc",
        "type": "github"
      },
      "original": {
        "owner": "numtide",
        "repo": "flake-utils",
        "type": "github"
      }
    },
    "naersk": {
      "inputs": {
        "nixpkgs": [
          "nixpkgs"
        ]
      },
      "locked": {
        "lastModified": 1613655351,
        "narHash": "sha256-BLBnt3BYsh92qKgqZljckM9s5sZUt30cBQF5b/5pVCU=",
        "owner": "nmattia",
        "repo": "naersk",
        "rev": "1a9e5ddc51bc44c1bf872e02fe2702dc40e8af48",
        "type": "github"
      },
      "original": {
        "owner": "nmattia",
        "repo": "naersk",
        "type": "github"
      }
    },
    "nixpkgs": {
      "locked": {
        "lastModified": 1614012903,
        "narHash": "sha256-QZkn/ZEgYUpHvJUu5rI8PHwxYoAwM2vv1z42vfSETdU=",
        "owner": "NixOS",
        "repo": "nixpkgs",
        "rev": "8542021fe7f9f777294649b1cdc853240806ff21",
        "type": "github"
      },
      "original": {
        "id": "nixpkgs",
        "ref": "nixpkgs-unstable",
        "type": "indirect"
      }
    },
    "root": {
      "inputs": {
        "flakeUtils": "flakeUtils",
        "naersk": "naersk",
        "nixpkgs": "nixpkgs",
        "rustOverlay": "rustOverlay"
      }
    },
    "rustOverlay": {
      "inputs": {
        "flake-utils": "flake-utils",
        "nixpkgs": [
          "nixpkgs"
        ]
      },
      "locked": {
        "lastModified": 1613960870,
        "narHash": "sha256-SvBexW2AGCaiNGXVaQ/6f31vSttrJs1K8VVVhuvkXeA=",
        "owner": "oxalica",
        "repo": "rust-overlay",
        "rev": "455f57703929bb5dc6e965cc6933c0e6f005a236",
        "type": "github"
      },
      "original": {
        "owner": "oxalica",
        "repo": "rust-overlay",
        "type": "github"
      }
    }
  },
  "root": "root",
  "version": 7
}
